
Microsoft Visual Studio Solution File, Format Version 12.00
# Visual Studio Version 16
VisualStudioVersion = 16.0.28803.202
MinimumVisualStudioVersion = 10.0.40219.1
Project("{FAE04EC0-301F-11D3-BF4B-00C04F79EFBC}") = "WFA_SayisalLoto", "WFA_SayisalLoto\WFA_SayisalLoto.csproj", "{5FF4C616-C2E8-4D07-B092-983BF5BF50F8}"
EndProject
Global
	GlobalSection(SolutionConfigurationPlatforms) = preSolution
		Debug|Any CPU = Debug|Any CPU
		Release|Any CPU = Release|Any CPU
	EndGlobalSection
	GlobalSection(ProjectConfigurationPlatforms) = postSolution
		{5FF4C616-C2E8-4D07-B092-983BF5BF50F8}.Debug|Any CPU.ActiveCfg = Debug|Any CPU
		{5FF4C616-C2E8-4D07-B092-983BF5BF50F8}.Debug|Any CPU.Build.0 = Debug|Any CPU
		{5FF4C616-C2E8-4D07-B092-983BF5BF50F8}.Release|Any CPU.ActiveCfg = Release|Any CPU
		{5FF4C616-C2E8-4D07-B092-983BF5BF50F8}.Release|Any CPU.Build.0 = Release|Any CPU
	EndGlobalSection
	GlobalSection(SolutionProperties) = preSolution
		HideSolutionNode = FALSE
	EndGlobalSection
	GlobalSection(ExtensibilityGlobals) = postSolution
		SolutionGuid = {5C82DBAC-5BD5-4F09-9443-D20F9E45F5E2}
	EndGlobalSection
EndGlobal
